
Microsoft Visual Studio Solution File, Format Version 12.00
# Visual Studio 14
VisualStudioVersion = 14.0.23107.0
MinimumVisualStudioVersion = 10.0.40219.1
Project("{FAE04EC0-301F-11D3-BF4B-00C04F79EFBC}") = "GroceryApp", "GroceryApp\GroceryApp.csproj", "{14C79A74-76F8-4C8B-B744-6E3660375015}"
EndProject
Project("{FAE04EC0-301F-11D3-BF4B-00C04F79EFBC}") = "PasswordHash", "..\..\..\Visual Studio 2013\Projects\MyPrograms\PasswordHash\PasswordHash.csproj", "{AE8E2FB9-9FE9-4CA6-81AA-80770D29142E}"
EndProject
Global
	GlobalSection(SolutionConfigurationPlatforms) = preSolution
		Debug|Any CPU = Debug|Any CPU
		Release|Any CPU = Release|Any CPU
	EndGlobalSection
	GlobalSection(ProjectConfigurationPlatforms) = postSolution
		{14C79A74-76F8-4C8B-B744-6E3660375015}.Debug|Any CPU.ActiveCfg = Debug|Any CPU
		{14C79A74-76F8-4C8B-B744-6E3660375015}.Debug|Any CPU.Build.0 = Debug|Any CPU
		{14C79A74-76F8-4C8B-B744-6E3660375015}.Release|Any CPU.ActiveCfg = Release|Any CPU
		{14C79A74-76F8-4C8B-B744-6E3660375015}.Release|Any CPU.Build.0 = Release|Any CPU
		{AE8E2FB9-9FE9-4CA6-81AA-80770D29142E}.Debug|Any CPU.ActiveCfg = Debug|Any CPU
		{AE8E2FB9-9FE9-4CA6-81AA-80770D29142E}.Debug|Any CPU.Build.0 = Debug|Any CPU
		{AE8E2FB9-9FE9-4CA6-81AA-80770D29142E}.Release|Any CPU.ActiveCfg = Release|Any CPU
		{AE8E2FB9-9FE9-4CA6-81AA-80770D29142E}.Release|Any CPU.Build.0 = Release|Any CPU
	EndGlobalSection
	GlobalSection(SolutionProperties) = preSolution
		HideSolutionNode = FALSE
	EndGlobalSection
EndGlobal
